{
  "name": "treasure-hunt-quest",
  "version": "1.0.0",
  "lockfileVersion": 3,
  "requires": true,
  "packages": {
    "": {
      "name": "treasure-hunt-quest",
      "version": "1.0.0",
      "license": "MIT",
      "devDependencies": {
        "serve": "^14.2.4"
      }
    },
    "node_modules/serve": {
      "version": "14.2.4",
      "resolved": "https://registry.npmjs.org/serve/-/serve-14.2.4.tgz",
      "integrity": "sha512-qy1S34CH0EGqWNP++ENFe1zO68AOkgveEkMaTKv42UCY5f13VOiv23VMUbDA14XvJ+R2Sn3GQEmVUJfOfjCEig==",
      "dev": true,
      "bin": {
        "serve": "build/main.js"
      },
      "engines": {
        "node": ">= 14"
      }
    }
  }
}
