# This file is automatically generated by Poetry 1.8.0 and should be committed.
[[package]]
name = "iniconfig"
version = "2.0.0"
description = "brain-dead simple config-ini parsing"
optional = false
python-versions = ">=3.7"
files = [
    {file = "iniconfig-2.0.0-py3-none-any.whl", hash = "sha256:b6a85871a79d2e3b69a2d185408f0d91630149252704e5f7e974e235187771c5"},
    {file = "iniconfig-2.0.0.tar.gz", hash = "sha256:2d91e135bf72abbab6d4d38f7284860e9fe547d6715b0264e6e40797a2c059ae"},
]

[[package]]
name = "packaging"
version = "23.2"
description = "Core utilities for Python packages"
optional = false
python-versions = ">=3.7"
files = [
    {file = "packaging-23.2-py3-none-any.whl", hash = "sha256:8c491190033a9c7eeb15d6e6114250ae8d3be8f5485c604526ba84f31abda5d6"},
    {file = "packaging-23.2.tar.gz", hash = "sha256:fb419663f86305360c54cd88d0eb004417b5f269a3f7043e8012fceb68a55b9b"},
]

[[package]]
name = "pluggy"
version = "1.3.0"
description = "plugin and hook calling mechanisms for python"
optional = false
python-versions = ">=3.8"
files = [
    {file = "pluggy-1.3.0-py3-none-any.whl", hash = "sha256:d89c496a48460c873efed767386bac7f6ecfa710164bbd0f0f334ff47f8b41fc"},
    {file = "pluggy-1.3.0.tar.gz", hash = "sha256:8f32fd71ea6142da31501a4621dad1b764d5ad4b45944e4029da47ba59677aae"},
]

[[package]]
name = "pytest"
version = "7.4.3"
description = "pytest: simple powerful testing with Python"
optional = false
python-versions = ">=3.7"
files = [
    {file = "pytest-7.4.3-py3-none-any.whl", hash = "sha256:4443f543e2795a9474e64f77a06a090703f8f90246a4e58b8f2c3bf9c855a9c9"},
    {file = "pytest-7.4.3.tar.gz", hash = "sha256:f711246b96e49221191062b17ab6f663ff9e3b47f77b7e289bf65d4400a0be3b"},
]
dependencies = [
    {name = "iniconfig", optional = false},
    {name = "packaging", optional = false},
    {name = "pluggy", optional = false},
]

[metadata]
lock-version = "2.0"
python-versions = "^3.10"
content-hash = "a7e1c8d62634e56994a500bc700938f2441c0989cb93c4e3cb4ef57564d603a1"
